<?xml version="1.0" encoding="utf-8"?>
<Project ToolsVersion="4.0" xmlns="http://schemas.microsoft.com/developer/msbuild/2003">
  <ItemGroup>
    <Filter Include="Source Files">
      <UniqueIdentifier>{4FC737F1-C7A5-4376-A066-2A32D752A2FF}</UniqueIdentifier>
      <Extensions>cpp;c;cc;cxx;def;odl;idl;hpj;bat;asm;asmx</Extensions>
    </Filter>
    <Filter Include="Header Files">
      <UniqueIdentifier>{93995380-89BD-4b04-88EB-625FBE52EBFB}</UniqueIdentifier>
      <Extensions>h;hh;hpp;hxx;hm;inl;inc;ipp;xsd</Extensions>
    </Filter>
    <Filter Include="Resource Files">
      <UniqueIdentifier>{67DA6AB6-F800-4c08-8B7A-83BB121AAD01}</UniqueIdentifier>
      <Extensions>rc;ico;cur;bmp;dlg;rc2;rct;bin;rgs;gif;jpg;jpeg;jpe;resx;tiff;tif;png;wav;mfcribbon-ms</Extensions>
    </Filter>
    <Filter Include="Resource Files\Command Icons">
      <UniqueIdentifier>{858ab203-08a3-475b-919a-2993121782f9}</UniqueIdentifier>
    </Filter>
    <Filter Include="Source Files\AppItems">
      <UniqueIdentifier>{bd4cc175-4022-4f29-9acb-739bb715d47b}</UniqueIdentifier>
    </Filter>
    <Filter Include="Header Files\AppItems">
      <UniqueIdentifier>{c6191a8a-288d-4b97-a4ee-2100d778a3f5}</UniqueIdentifier>
    </Filter>
    <Filter Include="Header Files\VS">
      <UniqueIdentifier>{34148477-50ed-4e8b-8a90-b98189ead491}</UniqueIdentifier>
    </Filter>
    <Filter Include="Source Files\Notes">
      <UniqueIdentifier>{897507f9-8f98-40cc-a799-6620494f45ee}</UniqueIdentifier>
    </Filter>
  </ItemGroup>
  <ItemGroup>
    <ClInclude Include="utilities.h">
      <Filter>Header Files</Filter>
    </ClInclude>
    <ClInclude Include="Parthenos.h">
      <Filter>Header Files</Filter>
    </ClInclude>
    <ClInclude Include="BorderlessWindow.h">
      <Filter>Header Files</Filter>
    </ClInclude>
    <ClInclude Include="BaseWindow.h">
      <Filter>Header Files</Filter>
    </ClInclude>
    <ClInclude Include="D2Objects.h">
      <Filter>Header Files</Filter>
    </ClInclude>
    <ClInclude Include="FileIO.h">
      <Filter>Header Files</Filter>
    </ClInclude>
    <ClInclude Include="HTTP.h">
      <Filter>Header Files</Filter>
    </ClInclude>
    <ClInclude Include="DataManaging.h">
      <Filter>Header Files</Filter>
    </ClInclude>
    <ClInclude Include="AppItem.h">
      <Filter>Header Files\AppItems</Filter>
    </ClInclude>
    <ClInclude Include="Button.h">
      <Filter>Header Files\AppItems</Filter>
    </ClInclude>
    <ClInclude Include="Chart.h">
      <Filter>Header Files\AppItems</Filter>
    </ClInclude>
    <ClInclude Include="Graphing.h">
      <Filter>Header Files\AppItems</Filter>
    </ClInclude>
    <ClInclude Include="TextBox.h">
      <Filter>Header Files\AppItems</Filter>
    </ClInclude>
    <ClInclude Include="TitleBar.h">
      <Filter>Header Files\AppItems</Filter>
    </ClInclude>
    <ClInclude Include="Resource.h">
      <Filter>Header Files\VS</Filter>
    </ClInclude>
    <ClInclude Include="targetver.h">
      <Filter>Header Files\VS</Filter>
    </ClInclude>
    <ClInclude Include="stdafx.h">
      <Filter>Header Files\VS</Filter>
    </ClInclude>
    <ClInclude Include="PopupMenu.h">
      <Filter>Header Files\AppItems</Filter>
    </ClInclude>
    <ClInclude Include="Watchlist.h">
      <Filter>Header Files\AppItems</Filter>
    </ClInclude>
    <ClInclude Include="MenuBar.h">
      <Filter>Header Files\AppItems</Filter>
    </ClInclude>
  </ItemGroup>
  <ItemGroup>
    <ClCompile Include="stdafx.cpp">
      <Filter>Source Files</Filter>
    </ClCompile>
    <ClCompile Include="Parthenos.cpp">
      <Filter>Source Files</Filter>
    </ClCompile>
    <ClCompile Include="main.cpp">
      <Filter>Source Files</Filter>
    </ClCompile>
    <ClCompile Include="utilities.cpp">
      <Filter>Source Files</Filter>
    </ClCompile>
    <ClCompile Include="D2Objects.cpp">
      <Filter>Source Files</Filter>
    </ClCompile>
    <ClCompile Include="FileIO.cpp">
      <Filter>Source Files</Filter>
    </ClCompile>
    <ClCompile Include="HTTP.cpp">
      <Filter>Source Files</Filter>
    </ClCompile>
    <ClCompile Include="DataManaging.cpp">
      <Filter>Source Files</Filter>
    </ClCompile>
    <ClCompile Include="Chart.cpp">
      <Filter>Source Files\AppItems</Filter>
    </ClCompile>
    <ClCompile Include="TextBox.cpp">
      <Filter>Source Files\AppItems</Filter>
    </ClCompile>
    <ClCompile Include="TitleBar.cpp">
      <Filter>Source Files\AppItems</Filter>
    </ClCompile>
    <ClCompile Include="Graphing.cpp">
      <Filter>Source Files\AppItems</Filter>
    </ClCompile>
    <ClCompile Include="Button.cpp">
      <Filter>Source Files\AppItems</Filter>
    </ClCompile>
    <ClCompile Include="PopupMenu.cpp">
      <Filter>Source Files\AppItems</Filter>
    </ClCompile>
    <ClCompile Include="Watchlist.cpp">
      <Filter>Source Files\AppItems</Filter>
    </ClCompile>
    <ClCompile Include="MenuBar.cpp">
      <Filter>Source Files</Filter>
    </ClCompile>
  </ItemGroup>
  <ItemGroup>
    <ResourceCompile Include="Parthenos.rc">
      <Filter>Resource Files</Filter>
    </ResourceCompile>
  </ItemGroup>
  <ItemGroup>
    <Image Include="Parthenos.ico">
      <Filter>Resource Files</Filter>
    </Image>
    <Image Include="Command Icons\Close.png">
      <Filter>Resource Files\Command Icons</Filter>
    </Image>
    <Image Include="Command Icons\Maximize.png">
      <Filter>Resource Files\Command Icons</Filter>
    </Image>
    <Image Include="Command Icons\Minimize.png">
      <Filter>Resource Files\Command Icons</Filter>
    </Image>
    <Image Include="Command Icons\Restore.png">
      <Filter>Resource Files\Command Icons</Filter>
    </Image>
    <Image Include="Parthenos_white.png">
      <Filter>Resource Files</Filter>
    </Image>
    <Image Include="Command Icons\Candlestick.png">
      <Filter>Resource Files\Command Icons</Filter>
    </Image>
    <Image Include="Command Icons\Line.png">
      <Filter>Resource Files\Command Icons</Filter>
    </Image>
    <Image Include="Command Icons\Envelope.png">
      <Filter>Resource Files\Command Icons</Filter>
    </Image>
    <Image Include="Command Icons\DownArrowHead.png">
      <Filter>Resource Files\Command Icons</Filter>
    </Image>
  </ItemGroup>
  <ItemGroup>
    <Text Include="Messages.txt">
      <Filter>Source Files\Notes</Filter>
    </Text>
    <Text Include="Tasks.txt">
      <Filter>Source Files\Notes</Filter>
    </Text>
  </ItemGroup>
</Project>