<?xml version="1.0" encoding="utf-8"?>
<Project ToolsVersion="4.0" xmlns="http://schemas.microsoft.com/developer/msbuild/2003">
  <ItemGroup>
    <Filter Include="Source Files">
      <UniqueIdentifier>{4FC737F1-C7A5-4376-A066-2A32D752A2FF}</UniqueIdentifier>
      <Extensions>cpp;c;cc;cxx;def;odl;idl;hpj;bat;asm;asmx</Extensions>
    </Filter>
    <Filter Include="Header Files">
      <UniqueIdentifier>{93995380-89BD-4b04-88EB-625FBE52EBFB}</UniqueIdentifier>
      <Extensions>h;hh;hpp;hxx;hm;inl;inc;ipp;xsd</Extensions>
    </Filter>
    <Filter Include="Resource Files">
      <UniqueIdentifier>{67DA6AB6-F800-4c08-8B7A-83BB121AAD01}</UniqueIdentifier>
      <Extensions>rc;ico;cur;bmp;dlg;rc2;rct;bin;rgs;gif;jpg;jpeg;jpe;resx;tiff;tif;png;wav;mfcribbon-ms</Extensions>
    </Filter>
    <Filter Include="Resource Files\Command Icons">
      <UniqueIdentifier>{858ab203-08a3-475b-919a-2993121782f9}</UniqueIdentifier>
    </Filter>
    <Filter Include="Source Files\AppItems">
      <UniqueIdentifier>{bd4cc175-4022-4f29-9acb-739bb715d47b}</UniqueIdentifier>
    </Filter>
    <Filter Include="Header Files\AppItems">
      <UniqueIdentifier>{c6191a8a-288d-4b97-a4ee-2100d778a3f5}</UniqueIdentifier>
    </Filter>
    <Filter Include="Source Files\Notes">
      <UniqueIdentifier>{897507f9-8f98-40cc-a799-6620494f45ee}</UniqueIdentifier>
    </Filter>
    <Filter Include="Header Files\Windows">
      <UniqueIdentifier>{6361302a-8fff-4a92-92a7-4f6d2f7f3e20}</UniqueIdentifier>
    </Filter>
    <Filter Include="Header Files\Utilities">
      <UniqueIdentifier>{34148477-50ed-4e8b-8a90-b98189ead491}</UniqueIdentifier>
    </Filter>
    <Filter Include="Source Files\Windows">
      <UniqueIdentifier>{ba86a7de-3f98-4f6f-a6d3-69998af219b9}</UniqueIdentifier>
    </Filter>
    <Filter Include="Source Files\Utilities">
      <UniqueIdentifier>{6ebf9422-55c0-450a-917b-f8d375614cc0}</UniqueIdentifier>
    </Filter>
  </ItemGroup>
  <ItemGroup>
    <ClInclude Include="AppItems\AppItem.h">
      <Filter>Header Files\AppItems</Filter>
    </ClInclude>
    <ClInclude Include="AppItems\Button.h">
      <Filter>Header Files\AppItems</Filter>
    </ClInclude>
    <ClInclude Include="AppItems\Chart.h">
      <Filter>Header Files\AppItems</Filter>
    </ClInclude>
    <ClInclude Include="AppItems\Graphing.h">
      <Filter>Header Files\AppItems</Filter>
    </ClInclude>
    <ClInclude Include="AppItems\MenuBar.h">
      <Filter>Header Files\AppItems</Filter>
    </ClInclude>
    <ClInclude Include="AppItems\MessageScrollBox.h">
      <Filter>Header Files\AppItems</Filter>
    </ClInclude>
    <ClInclude Include="AppItems\PieChart.h">
      <Filter>Header Files\AppItems</Filter>
    </ClInclude>
    <ClInclude Include="AppItems\PopupMenu.h">
      <Filter>Header Files\AppItems</Filter>
    </ClInclude>
    <ClInclude Include="AppItems\ScrollBar.h">
      <Filter>Header Files\AppItems</Filter>
    </ClInclude>
    <ClInclude Include="AppItems\Table.h">
      <Filter>Header Files\AppItems</Filter>
    </ClInclude>
    <ClInclude Include="AppItems\TextBox.h">
      <Filter>Header Files\AppItems</Filter>
    </ClInclude>
    <ClInclude Include="AppItems\TitleBar.h">
      <Filter>Header Files\AppItems</Filter>
    </ClInclude>
    <ClInclude Include="AppItems\TransactionEditor.h">
      <Filter>Header Files\AppItems</Filter>
    </ClInclude>
    <ClInclude Include="AppItems\Watchlist.h">
      <Filter>Header Files\AppItems</Filter>
    </ClInclude>
    <ClInclude Include="Utilities\D2Objects.h">
      <Filter>Header Files\Utilities</Filter>
    </ClInclude>
    <ClInclude Include="Utilities\DataManaging.h">
      <Filter>Header Files\Utilities</Filter>
    </ClInclude>
    <ClInclude Include="Utilities\FileIO.h">
      <Filter>Header Files\Utilities</Filter>
    </ClInclude>
    <ClInclude Include="Utilities\HTTP.h">
      <Filter>Header Files\Utilities</Filter>
    </ClInclude>
    <ClInclude Include="Utilities\utilities.h">
      <Filter>Header Files\Utilities</Filter>
    </ClInclude>
    <ClInclude Include="Resource.h">
      <Filter>Header Files</Filter>
    </ClInclude>
    <ClInclude Include="stdafx.h">
      <Filter>Header Files</Filter>
    </ClInclude>
    <ClInclude Include="targetver.h">
      <Filter>Header Files</Filter>
    </ClInclude>
    <ClInclude Include="Windows\AddTransactionWindow.h">
      <Filter>Header Files\Windows</Filter>
    </ClInclude>
    <ClInclude Include="Windows\BaseWindow.h">
      <Filter>Header Files\Windows</Filter>
    </ClInclude>
    <ClInclude Include="Windows\BorderlessWindow.h">
      <Filter>Header Files\Windows</Filter>
    </ClInclude>
    <ClInclude Include="Windows\ConfirmationWindow.h">
      <Filter>Header Files\Windows</Filter>
    </ClInclude>
    <ClInclude Include="Windows\EditTransactionWindow.h">
      <Filter>Header Files\Windows</Filter>
    </ClInclude>
    <ClInclude Include="Windows\Parthenos.h">
      <Filter>Header Files\Windows</Filter>
    </ClInclude>
    <ClInclude Include="Windows\PopupWindow.h">
      <Filter>Header Files\Windows</Filter>
    </ClInclude>
    <ClInclude Include="Utilities\jsonette.h">
      <Filter>Header Files\Utilities</Filter>
    </ClInclude>
    <ClInclude Include="Utilities\API.h">
      <Filter>Header Files\Utilities</Filter>
    </ClInclude>
    <ClInclude Include="Utilities\Studies.h">
      <Filter>Header Files\Utilities</Filter>
    </ClInclude>
  </ItemGroup>
  <ItemGroup>
    <ClCompile Include="stdafx.cpp">
      <Filter>Source Files</Filter>
    </ClCompile>
    <ClCompile Include="main.cpp">
      <Filter>Source Files</Filter>
    </ClCompile>
    <ClCompile Include="AppItems\Button.cpp">
      <Filter>Source Files\AppItems</Filter>
    </ClCompile>
    <ClCompile Include="AppItems\Chart.cpp">
      <Filter>Source Files\AppItems</Filter>
    </ClCompile>
    <ClCompile Include="AppItems\Graphing.cpp">
      <Filter>Source Files\AppItems</Filter>
    </ClCompile>
    <ClCompile Include="AppItems\MenuBar.cpp">
      <Filter>Source Files\AppItems</Filter>
    </ClCompile>
    <ClCompile Include="AppItems\MessageScrollBox.cpp">
      <Filter>Source Files\AppItems</Filter>
    </ClCompile>
    <ClCompile Include="AppItems\PieChart.cpp">
      <Filter>Source Files\AppItems</Filter>
    </ClCompile>
    <ClCompile Include="AppItems\PopupMenu.cpp">
      <Filter>Source Files\AppItems</Filter>
    </ClCompile>
    <ClCompile Include="AppItems\ScrollBar.cpp">
      <Filter>Source Files\AppItems</Filter>
    </ClCompile>
    <ClCompile Include="AppItems\Table.cpp">
      <Filter>Source Files\AppItems</Filter>
    </ClCompile>
    <ClCompile Include="AppItems\TextBox.cpp">
      <Filter>Source Files\AppItems</Filter>
    </ClCompile>
    <ClCompile Include="AppItems\TitleBar.cpp">
      <Filter>Source Files\AppItems</Filter>
    </ClCompile>
    <ClCompile Include="AppItems\TransactionEditor.cpp">
      <Filter>Source Files\AppItems</Filter>
    </ClCompile>
    <ClCompile Include="AppItems\Watchlist.cpp">
      <Filter>Source Files\AppItems</Filter>
    </ClCompile>
    <ClCompile Include="Windows\AddTransactionWindow.cpp">
      <Filter>Source Files\Windows</Filter>
    </ClCompile>
    <ClCompile Include="Windows\ConfirmationWindow.cpp">
      <Filter>Source Files\Windows</Filter>
    </ClCompile>
    <ClCompile Include="Windows\EditTransactionWindow.cpp">
      <Filter>Source Files\Windows</Filter>
    </ClCompile>
    <ClCompile Include="Windows\Parthenos.cpp">
      <Filter>Source Files\Windows</Filter>
    </ClCompile>
    <ClCompile Include="Windows\PopupWindow.cpp">
      <Filter>Source Files\Windows</Filter>
    </ClCompile>
    <ClCompile Include="Utilities\D2Objects.cpp">
      <Filter>Source Files\Utilities</Filter>
    </ClCompile>
    <ClCompile Include="Utilities\DataManaging.cpp">
      <Filter>Source Files\Utilities</Filter>
    </ClCompile>
    <ClCompile Include="Utilities\FileIO.cpp">
      <Filter>Source Files\Utilities</Filter>
    </ClCompile>
    <ClCompile Include="Utilities\HTTP.cpp">
      <Filter>Source Files\Utilities</Filter>
    </ClCompile>
    <ClCompile Include="Utilities\utilities.cpp">
      <Filter>Source Files\Utilities</Filter>
    </ClCompile>
    <ClCompile Include="Utilities\API.cpp">
      <Filter>Source Files\Utilities</Filter>
    </ClCompile>
    <ClCompile Include="Utilities\Studies.cpp">
      <Filter>Source Files\Utilities</Filter>
    </ClCompile>
  </ItemGroup>
  <ItemGroup>
    <ResourceCompile Include="Parthenos.rc">
      <Filter>Resource Files</Filter>
    </ResourceCompile>
  </ItemGroup>
  <ItemGroup>
    <Image Include="Parthenos.ico">
      <Filter>Resource Files</Filter>
    </Image>
    <Image Include="Command Icons\Close.png">
      <Filter>Resource Files\Command Icons</Filter>
    </Image>
    <Image Include="Command Icons\Maximize.png">
      <Filter>Resource Files\Command Icons</Filter>
    </Image>
    <Image Include="Command Icons\Minimize.png">
      <Filter>Resource Files\Command Icons</Filter>
    </Image>
    <Image Include="Command Icons\Restore.png">
      <Filter>Resource Files\Command Icons</Filter>
    </Image>
    <Image Include="Parthenos_white.png">
      <Filter>Resource Files</Filter>
    </Image>
    <Image Include="Command Icons\Candlestick.png">
      <Filter>Resource Files\Command Icons</Filter>
    </Image>
    <Image Include="Command Icons\Line.png">
      <Filter>Resource Files\Command Icons</Filter>
    </Image>
    <Image Include="Command Icons\Envelope.png">
      <Filter>Resource Files\Command Icons</Filter>
    </Image>
    <Image Include="Command Icons\DownArrowHead.png">
      <Filter>Resource Files\Command Icons</Filter>
    </Image>
    <Image Include="Command Icons\UpArrowHead.png">
      <Filter>Resource Files\Command Icons</Filter>
    </Image>
    <Image Include="Command Icons\Cursor.png">
      <Filter>Resource Files\Command Icons</Filter>
    </Image>
    <Image Include="Command Icons\SnapLine.png">
      <Filter>Resource Files\Command Icons</Filter>
    </Image>
    <Image Include="Command Icons\Crosshairs.png">
      <Filter>Resource Files\Command Icons</Filter>
    </Image>
  </ItemGroup>
  <ItemGroup>
    <Text Include="Messages.txt">
      <Filter>Source Files\Notes</Filter>
    </Text>
    <Text Include="Tasks.txt">
      <Filter>Source Files\Notes</Filter>
    </Text>
  </ItemGroup>
</Project>